<Solution>
  <Folder Name="/Albeoris.Games.Core/">
    <Project Path="Albeoris.Games.Core\Albeoris.Games.Core.Abstractions\Albeoris.Games.Core.Abstractions.csproj" Type="C#" />
    <Project Path="Albeoris.Games.Core\Albeoris.Games.Core.Tests\Albeoris.Games.Core.Tests.csproj" Type="C#" />
    <Project Path="Albeoris.Games.Core\Albeoris.Games.Core\Albeoris.Games.Core.csproj" Type="C#" />
  </Folder>
  <Folder Name="/Albeoris.Games.FF8.FlArchives/">
    <Project Path="Albeoris.Games.FF8.FlArchives.Abstractions\Albeoris.Games.FF8.FlArchives.Abstractions.csproj" Type="C#" />
    <Project Path="Albeoris.Games.FF8.FlArchives.Tests\Albeoris.Games.FF8.FlArchives.Tests.csproj" Type="C#" />
    <Project Path="Albeoris.Games.FF8.FlArchives\Albeoris.Games.FF8.FlArchives.csproj" Type="C#" />
  </Folder>
  <Folder Name="/Albeoris.Games.FF8.KernelBin/">
    <Project Path="Albeoris.Games.FF8.KernelBin.Abstractions\Albeoris.Games.FF8.KernelBin.Abstractions.csproj" Type="C#" />
    <Project Path="Albeoris.Games.FF8.KernelBin.Tests\Albeoris.Games.FF8.KernelBin.Tests.csproj" Type="C#" />
    <Project Path="Albeoris.Games.FF8.KernelBin\Albeoris.Games.FF8.KernelBin.csproj" Type="C#" />
  </Folder>
  <Folder Name="/Albeoris.Games.FF8.MngrpBin/">
    <Project Path="Albeoris.Games.FF8.MngrpBin.Abstractions\Albeoris.Games.FF8.MngrpBin.Abstractions.csproj" Type="C#" />
    <Project Path="Albeoris.Games.FF8.MngrpBin.Tests\Albeoris.Games.FF8.MngrpBin.Tests.csproj" Type="C#" />
    <Project Path="Albeoris.Games.FF8.MngrpBin\Albeoris.Games.FF8.MngrpBin.csproj" Type="C#" />
  </Folder>
  <Folder Name="/Albeoris.Games.FF8.Msd/">
    <Project Path="Albeoris.Games.FF8.Msd.Tests\Albeoris.Games.FF8.Msd.Tests.csproj" Type="C#" />
    <Project Path="Albeoris.Games.FF8.Msd\Albeoris.Games.FF8.Msd.csproj" Type="C#" />
  </Folder>
  <Folder Name="/Albeoris.Games.FF8.C0mDat/">
    <Project Path="Albeoris.Games.FF8.C0mDat.Abstractions\Albeoris.Games.FF8.C0mDat.Abstractions.csproj" Type="C#" />
    <Project Path="Albeoris.Games.FF8.C0mDat.Tests\Albeoris.Games.FF8.C0mDat.Tests.csproj" Type="C#" />
    <Project Path="Albeoris.Games.FF8.C0mDat\Albeoris.Games.FF8.C0mDat.csproj" Type="C#" />
  </Folder>
  <Folder Name="/Albeoris.Games.FF8.NamedicBin/">
    <Project Path="Albeoris.Games.FF8.NamedicBin.Tests\Albeoris.Games.FF8.NamedicBin.Tests.csproj" Type="C#" />
    <Project Path="Albeoris.Games.FF8.NamedicBin\Albeoris.Games.FF8.NamedicBin.csproj" Type="C#" />
  </Folder>
  <Folder Name="/Albeoris.Games.FF8.TextEncoding/">
    <Project Path="Albeoris.Games.FF8.TextEncoding.Abstractions/Albeoris.Games.FF8.TextEncoding.Abstractions.csproj" Type="C#" />
    <Project Path="Albeoris.Games.FF8.TextEncoding.Tests/Albeoris.Games.FF8.TextEncoding.Tests.csproj" Type="C#" />
    <Project Path="Albeoris.Games.FF8.TextEncoding/Albeoris.Games.FF8.TextEncoding.csproj" Type="C#" />
  </Folder>
  <Folder Name="/Albeoris.Games.FF8.Toolset/">
    <Project Path="Albeoris.Games.FF8.Toolset\Albeoris.Games.FF8.Toolset.csproj" Type="C#" />
    <Project Path="Albeoris.Games.FF8.Toolset.Tests\Albeoris.Games.FF8.Toolset.Tests.csproj" Type="C#" />
  </Folder>
  <Folder Name="/Albeoris.Games.FF8.ZzzArchives/">
    <Project Path="Albeoris.Games.FF8.ZzzArchives\Albeoris.Games.FF8.ZzzArchives.Abstractions\Albeoris.Games.FF8.ZzzArchives.Abstractions.csproj" Type="C#" />
    <Project Path="Albeoris.Games.FF8.ZzzArchives\Albeoris.Games.FF8.ZzzArchives.Tests\Albeoris.Games.FF8.ZzzArchives.Tests.csproj" Type="C#" />
    <Project Path="Albeoris.Games.FF8.ZzzArchives\Albeoris.Games.FF8.ZzzArchives\Albeoris.Games.FF8.ZzzArchives.csproj" Type="C#" />
  </Folder>
  <Folder Name="/Albeoris.Games.SteamLibrary/">
    <Project Path="Albeoris.Games.SteamLibrary\Albeoris.Games.SteamLibrary.Abstractions\Albeoris.Games.SteamLibrary.Abstractions.csproj" Type="C#" />
    <Project Path="Albeoris.Games.SteamLibrary\Albeoris.Games.SteamLibrary.Tests\Albeoris.Games.SteamLibrary.Tests.csproj" Type="C#" />
    <Project Path="Albeoris.Games.SteamLibrary\Albeoris.Games.SteamLibrary\Albeoris.Games.SteamLibrary.csproj" Type="C#" />
  </Folder>
  <Folder Name="/Solution Items/">
    <File Path=".editorconfig" />
    <File Path=".gitignore" />
    <File Path="Directory.Build.props" />
    <File Path="Directory.Packages.props" />
    <File Path="global.json" />
    <File Path="LICENSE" />
    <File Path="README.md" />
  </Folder>
</Solution>
